
Microsoft Visual Studio Solution File, Format Version 12.00
# Visual Studio Version 17
VisualStudioVersion = 17.11.35327.3
MinimumVisualStudioVersion = 10.0.40219.1
Project("{FAE04EC0-301F-11D3-BF4B-00C04F79EFBC}") = "WpfApp1", "WpfApp1\WpfApp1.csproj", "{97ABD4ED-963F-4CBE-8ED7-B3279657F654}"
EndProject
Global
	GlobalSection(SolutionConfigurationPlatforms) = preSolution
		Debug|Any CPU = Debug|Any CPU
		Release|Any CPU = Release|Any CPU
	EndGlobalSection
	GlobalSection(ProjectConfigurationPlatforms) = postSolution
		{97ABD4ED-963F-4CBE-8ED7-B3279657F654}.Debug|Any CPU.ActiveCfg = Debug|Any CPU
		{97ABD4ED-963F-4CBE-8ED7-B3279657F654}.Debug|Any CPU.Build.0 = Debug|Any CPU
		{97ABD4ED-963F-4CBE-8ED7-B3279657F654}.Release|Any CPU.ActiveCfg = Release|Any CPU
		{97ABD4ED-963F-4CBE-8ED7-B3279657F654}.Release|Any CPU.Build.0 = Release|Any CPU
	EndGlobalSection
	GlobalSection(SolutionProperties) = preSolution
		HideSolutionNode = FALSE
	EndGlobalSection
	GlobalSection(ExtensibilityGlobals) = postSolution
		SolutionGuid = {A9DCD22F-50E7-48FD-B691-167BDF0504CB}
	EndGlobalSection
EndGlobal
